
Microsoft Visual Studio Solution File, Format Version 12.00
# Visual Studio Version 17
VisualStudioVersion = 17.8.34525.116
MinimumVisualStudioVersion = 10.0.40219.1
Project("{FAE04EC0-301F-11D3-BF4B-00C04F79EFBC}") = "Day5", "Day5\Day5.csproj", "{FFE2ADCB-4587-46AE-BBAB-114B5CC6AE0A}"
EndProject
Global
	GlobalSection(SolutionConfigurationPlatforms) = preSolution
		Debug|Any CPU = Debug|Any CPU
		Release|Any CPU = Release|Any CPU
	EndGlobalSection
	GlobalSection(ProjectConfigurationPlatforms) = postSolution
		{FFE2ADCB-4587-46AE-BBAB-114B5CC6AE0A}.Debug|Any CPU.ActiveCfg = Debug|Any CPU
		{FFE2ADCB-4587-46AE-BBAB-114B5CC6AE0A}.Debug|Any CPU.Build.0 = Debug|Any CPU
		{FFE2ADCB-4587-46AE-BBAB-114B5CC6AE0A}.Release|Any CPU.ActiveCfg = Release|Any CPU
		{FFE2ADCB-4587-46AE-BBAB-114B5CC6AE0A}.Release|Any CPU.Build.0 = Release|Any CPU
	EndGlobalSection
	GlobalSection(SolutionProperties) = preSolution
		HideSolutionNode = FALSE
	EndGlobalSection
	GlobalSection(ExtensibilityGlobals) = postSolution
		SolutionGuid = {BEAC97FB-5226-4BC1-B025-671D14B2C39E}
	EndGlobalSection
EndGlobal
